
Microsoft Visual Studio Solution File, Format Version 12.00
# Visual Studio Version 17
VisualStudioVersion = 17.5.33530.505
MinimumVisualStudioVersion = 10.0.40219.1
Project("{FAE04EC0-301F-11D3-BF4B-00C04F79EFBC}") = "CoolEventsWeb", "CoolEventsWeb\CoolEventsWeb.csproj", "{FF85843D-B2B6-4A5E-ACB2-EAA378E36E7E}"
EndProject
Global
	GlobalSection(SolutionConfigurationPlatforms) = preSolution
		Debug|Any CPU = Debug|Any CPU
		Release|Any CPU = Release|Any CPU
	EndGlobalSection
	GlobalSection(ProjectConfigurationPlatforms) = postSolution
		{FF85843D-B2B6-4A5E-ACB2-EAA378E36E7E}.Debug|Any CPU.ActiveCfg = Debug|Any CPU
		{FF85843D-B2B6-4A5E-ACB2-EAA378E36E7E}.Debug|Any CPU.Build.0 = Debug|Any CPU
		{FF85843D-B2B6-4A5E-ACB2-EAA378E36E7E}.Release|Any CPU.ActiveCfg = Release|Any CPU
		{FF85843D-B2B6-4A5E-ACB2-EAA378E36E7E}.Release|Any CPU.Build.0 = Release|Any CPU
	EndGlobalSection
	GlobalSection(SolutionProperties) = preSolution
		HideSolutionNode = FALSE
	EndGlobalSection
	GlobalSection(ExtensibilityGlobals) = postSolution
		SolutionGuid = {CBA1A40D-A474-4B16-886C-9A208E357846}
	EndGlobalSection
EndGlobal
